// !$*UTF8*$!
{
	archiveVersion = 1;
	classes = {
	};
	objectVersion = 46;
	objects = {

/* Begin PBXBuildFile section */
		206E77FD1D85145700B01C41 /* AppDelegate.swift in Sources */ = {isa = PBXBuildFile; fileRef = 206E77FC1D85145700B01C41 /* AppDelegate.swift */; };
		206E77FF1D85145700B01C41 /* ViewController.swift in Sources */ = {isa = PBXBuildFile; fileRef = 206E77FE1D85145700B01C41 /* ViewController.swift */; };
		206E78021D85145700B01C41 /* Main.storyboard in Resources */ = {isa = PBXBuildFile; fileRef = 206E78001D85145700B01C41 /* Main.storyboard */; };
		206E78041D85145700B01C41 /* Assets.xcassets in Resources */ = {isa = PBXBuildFile; fileRef = 206E78031D85145700B01C41 /* Assets.xcassets */; };
		206E78071D85145700B01C41 /* LaunchScreen.storyboard in Resources */ = {isa = PBXBuildFile; fileRef = 206E78051D85145700B01C41 /* LaunchScreen.storyboard */; };
		206E78121D85145700B01C41 /* ImageDemoTests.swift in Sources */ = {isa = PBXBuildFile; fileRef = 206E78111D85145700B01C41 /* ImageDemoTests.swift */; };
		206E781D1D85145700B01C41 /* ImageDemoUITests.swift in Sources */ = {isa = PBXBuildFile; fileRef = 206E781C1D85145700B01C41 /* ImageDemoUITests.swift */; };
		206E782B1D8514EE00B01C41 /* xxx.gif in Resources */ = {isa = PBXBuildFile; fileRef = 206E782A1D8514EE00B01C41 /* xxx.gif */; };
/* End PBXBuildFile section */

/* Begin PBXContainerItemProxy section */
		206E780E1D85145700B01C41 /* PBXContainerItemProxy */ = {
			isa = PBXContainerItemProxy;
			containerPortal = 206E77F11D85145700B01C41 /* Project object */;
			proxyType = 1;
			remoteGlobalIDString = 206E77F81D85145700B01C41;
			remoteInfo = ImageDemo;
		};
		206E78191D85145700B01C41 /* PBXContainerItemProxy */ = {
			isa = PBXContainerItemProxy;
			containerPortal = 206E77F11D85145700B01C41 /* Project object */;
			proxyType = 1;
			remoteGlobalIDString = 206E77F81D85145700B01C41;
			remoteInfo = ImageDemo;
		};
/* End PBXContainerItemProxy section */

/* Begin PBXFileReference section */
		206E77F91D85145700B01C41 /* ImageDemo.app */ = {isa = PBXFileReference; explicitFileType = wrapper.application; includeInIndex = 0; path = ImageDemo.app; sourceTree = BUILT_PRODUCTS_DIR; };
		206E77FC1D85145700B01C41 /* AppDelegate.swift */ = {isa = PBXFileReference; lastKnownFileType = sourcecode.swift; path = AppDelegate.swift; sourceTree = "<group>"; };
		206E77FE1D85145700B01C41 /* ViewController.swift */ = {isa = PBXFileReference; lastKnownFileType = sourcecode.swift; path = ViewController.swift; sourceTree = "<group>"; };
		206E78011D85145700B01C41 /* Base */ = {isa = PBXFileReference; lastKnownFileType = file.storyboard; name = Base; path = Base.lproj/Main.storyboard; sourceTree = "<group>"; };
		206E78031D85145700B01C41 /* Assets.xcassets */ = {isa = PBXFileReference; lastKnownFileType = folder.assetcatalog; path = Assets.xcassets; sourceTree = "<group>"; };
		206E78061D85145700B01C41 /* Base */ = {isa = PBXFileReference; lastKnownFileType = file.storyboard; name = Base; path = Base.lproj/LaunchScreen.storyboard; sourceTree = "<group>"; };
		206E78081D85145700B01C41 /* Info.plist */ = {isa = PBXFileReference; lastKnownFileType = text.plist.xml; path = Info.plist; sourceTree = "<group>"; };
		206E780D1D85145700B01C41 /* ImageDemoTests.xctest */ = {isa = PBXFileReference; explicitFileType = wrapper.cfbundle; includeInIndex = 0; path = ImageDemoTests.xctest; sourceTree = BUILT_PRODUCTS_DIR; };
		206E78111D85145700B01C41 /* ImageDemoTests.swift */ = {isa = PBXFileReference; lastKnownFileType = sourcecode.swift; path = ImageDemoTests.swift; sourceTree = "<group>"; };
		206E78131D85145700B01C41 /* Info.plist */ = {isa = PBXFileReference; lastKnownFileType = text.plist.xml; path = Info.plist; sourceTree = "<group>"; };
		206E78181D85145700B01C41 /* ImageDemoUITests.xctest */ = {isa = PBXFileReference; explicitFileType = wrapper.cfbundle; includeInIndex = 0; path = ImageDemoUITests.xctest; sourceTree = BUILT_PRODUCTS_DIR; };
		206E781C1D85145700B01C41 /* ImageDemoUITests.swift */ = {isa = PBXFileReference; lastKnownFileType = sourcecode.swift; path = ImageDemoUITests.swift; sourceTree = "<group>"; };
		206E781E1D85145700B01C41 /* Info.plist */ = {isa = PBXFileReference; lastKnownFileType = text.plist.xml; path = Info.plist; sourceTree = "<group>"; };
		206E782A1D8514EE00B01C41 /* xxx.gif */ = {isa = PBXFileReference; lastKnownFileType = image.gif; path = xxx.gif; sourceTree = "<group>"; };
/* End PBXFileReference section */

/* Begin PBXFrameworksBuildPhase section */
		206E77F61D85145700B01C41 /* Frameworks */ = {
			isa = PBXFrameworksBuildPhase;
			buildActionMask = 2147483647;
			files = (
			);
			runOnlyForDeploymentPostprocessing = 0;
		};
		206E780A1D85145700B01C41 /* Frameworks */ = {
			isa = PBXFrameworksBuildPhase;
			buildActionMask = 2147483647;
			files = (
			);
			runOnlyForDeploymentPostprocessing = 0;
		};
		206E78151D85145700B01C41 /* Frameworks */ = {
			isa = PBXFrameworksBuildPhase;
			buildActionMask = 2147483647;
			files = (
			);
			runOnlyForDeploymentPostprocessing = 0;
		};
/* End PBXFrameworksBuildPhase section */

/* Begin PBXGroup section */
		206E77F01D85145700B01C41 = {
			isa = PBXGroup;
			children = (
				206E77FB1D85145700B01C41 /* ImageDemo */,
				206E78101D85145700B01C41 /* ImageDemoTests */,
				206E781B1D85145700B01C41 /* ImageDemoUITests */,
				206E77FA1D85145700B01C41 /* Products */,
			);
			sourceTree = "<group>";
		};
		206E77FA1D85145700B01C41 /* Products */ = {
			isa = PBXGroup;
			children = (
				206E77F91D85145700B01C41 /* ImageDemo.app */,
				206E780D1D85145700B01C41 /* ImageDemoTests.xctest */,
				206E78181D85145700B01C41 /* ImageDemoUITests.xctest */,
			);
			name = Products;
			sourceTree = "<group>";
		};
		206E77FB1D85145700B01C41 /* ImageDemo */ = {
			isa = PBXGroup;
			children = (
				206E77FC1D85145700B01C41 /* AppDelegate.swift */,
				206E782A1D8514EE00B01C41 /* xxx.gif */,
				206E77FE1D85145700B01C41 /* ViewController.swift */,
				206E78001D85145700B01C41 /* Main.storyboard */,
				206E78031D85145700B01C41 /* Assets.xcassets */,
				206E78051D85145700B01C41 /* LaunchScreen.storyboard */,
				206E78081D85145700B01C41 /* Info.plist */,
			);
			path = ImageDemo;
			sourceTree = "<group>";
		};
		206E78101D85145700B01C41 /* ImageDemoTests */ = {
			isa = PBXGroup;
			children = (
				206E78111D85145700B01C41 /* ImageDemoTests.swift */,
				206E78131D85145700B01C41 /* Info.plist */,
			);
			path = ImageDemoTests;
			sourceTree = "<group>";
		};
		206E781B1D85145700B01C41 /* ImageDemoUITests */ = {
			isa = PBXGroup;
			children = (
				206E781C1D85145700B01C41 /* ImageDemoUITests.swift */,
				206E781E1D85145700B01C41 /* Info.plist */,
			);
			path = ImageDemoUITests;
			sourceTree = "<group>";
		};
/* End PBXGroup section */

/* Begin PBXNativeTarget section */
		206E77F81D85145700B01C41 /* ImageDemo */ = {
			isa = PBXNativeTarget;
			buildConfigurationList = 206E78211D85145700B01C41 /* Build configuration list for PBXNativeTarget "ImageDemo" */;
			buildPhases = (
				206E77F51D85145700B01C41 /* Sources */,
				206E77F61D85145700B01C41 /* Frameworks */,
				206E77F71D85145700B01C41 /* Resources */,
			);
			buildRules = (
			);
			dependencies = (
			);
			name = ImageDemo;
			productName = ImageDemo;
			productReference = 206E77F91D85145700B01C41 /* ImageDemo.app */;
			productType = "com.apple.product-type.application";
		};
		206E780C1D85145700B01C41 /* ImageDemoTests */ = {
			isa = PBXNativeTarget;
			buildConfigurationList = 206E78241D85145700B01C41 /* Build configuration list for PBXNativeTarget "ImageDemoTests" */;
			buildPhases = (
				206E78091D85145700B01C41 /* Sources */,
				206E780A1D85145700B01C41 /* Frameworks */,
				206E780B1D85145700B01C41 /* Resources */,
			);
			buildRules = (
			);
			dependencies = (
				206E780F1D85145700B01C41 /* PBXTargetDependency */,
			);
			name = ImageDemoTests;
			productName = ImageDemoTests;
			productReference = 206E780D1D85145700B01C41 /* ImageDemoTests.xctest */;
			productType = "com.apple.product-type.bundle.unit-test";
		};
		206E78171D85145700B01C41 /* ImageDemoUITests */ = {
			isa = PBXNativeTarget;
			buildConfigurationList = 206E78271D85145700B01C41 /* Build configuration list for PBXNativeTarget "ImageDemoUITests" */;
			buildPhases = (
				206E78141D85145700B01C41 /* Sources */,
				206E78151D85145700B01C41 /* Frameworks */,
				206E78161D85145700B01C41 /* Resources */,
			);
			buildRules = (
			);
			dependencies = (
				206E781A1D85145700B01C41 /* PBXTargetDependency */,
			);
			name = ImageDemoUITests;
			productName = ImageDemoUITests;
			productReference = 206E78181D85145700B01C41 /* ImageDemoUITests.xctest */;
			productType = "com.apple.product-type.bundle.ui-testing";
		};
/* End PBXNativeTarget section */

/* Begin PBXProject section */
		206E77F11D85145700B01C41 /* Project object */ = {
			isa = PBXProject;
			attributes = {
				LastSwiftUpdateCheck = 0730;
				LastUpgradeCheck = 0730;
				ORGANIZATIONNAME = dz;
				TargetAttributes = {
					206E77F81D85145700B01C41 = {
						CreatedOnToolsVersion = 7.3.1;
					};
					206E780C1D85145700B01C41 = {
						CreatedOnToolsVersion = 7.3.1;
						TestTargetID = 206E77F81D85145700B01C41;
					};
					206E78171D85145700B01C41 = {
						CreatedOnToolsVersion = 7.3.1;
						TestTargetID = 206E77F81D85145700B01C41;
					};
				};
			};
			buildConfigurationList = 206E77F41D85145700B01C41 /* Build configuration list for PBXProject "ImageDemo" */;
			compatibilityVersion = "Xcode 3.2";
			developmentRegion = English;
			hasScannedForEncodings = 0;
			knownRegions = (
				en,
				Base,
			);
			mainGroup = 206E77F01D85145700B01C41;
			productRefGroup = 206E77FA1D85145700B01C41 /* Products */;
			projectDirPath = "";
			projectRoot = "";
			targets = (
				206E77F81D85145700B01C41 /* ImageDemo */,
				206E780C1D85145700B01C41 /* ImageDemoTests */,
				206E78171D85145700B01C41 /* ImageDemoUITests */,
			);
		};
/* End PBXProject section */

/* Begin PBXResourcesBuildPhase section */
		206E77F71D85145700B01C41 /* Resources */ = {
			isa = PBXResourcesBuildPhase;
			buildActionMask = 2147483647;
			files = (
				206E78071D85145700B01C41 /* LaunchScreen.storyboard in Resources */,
				206E78041D85145700B01C41 /* Assets.xcassets in Resources */,
				206E78021D85145700B01C41 /* Main.storyboard in Resources */,
				206E782B1D8514EE00B01C41 /* xxx.gif in Resources */,
			);
			runOnlyForDeploymentPostprocessing = 0;
		};
		206E780B1D85145700B01C41 /* Resources */ = {
			isa = PBXResourcesBuildPhase;
			buildActionMask = 2147483647;
			files = (
			);
			runOnlyForDeploymentPostprocessing = 0;
		};
		206E78161D85145700B01C41 /* Resources */ = {
			isa = PBXResourcesBuildPhase;
			buildActionMask = 2147483647;
			files = (
			);
			runOnlyForDeploymentPostprocessing = 0;
		};
/* End PBXResourcesBuildPhase section */

/* Begin PBXSourcesBuildPhase section */
		206E77F51D85145700B01C41 /* Sources */ = {
			isa = PBXSourcesBuildPhase;
			buildActionMask = 2147483647;
			files = (
				206E77FF1D85145700B01C41 /* ViewController.swift in Sources */,
				206E77FD1D85145700B01C41 /* AppDelegate.swift in Sources */,
			);
			runOnlyForDeploymentPostprocessing = 0;
		};
		206E78091D85145700B01C41 /* Sources */ = {
			isa = PBXSourcesBuildPhase;
			buildActionMask = 2147483647;
			files = (
				206E78121D85145700B01C41 /* ImageDemoTests.swift in Sources */,
			);
			runOnlyForDeploymentPostprocessing = 0;
		};
		206E78141D85145700B01C41 /* Sources */ = {
			isa = PBXSourcesBuildPhase;
			buildActionMask = 2147483647;
			files = (
				206E781D1D85145700B01C41 /* ImageDemoUITests.swift in Sources */,
			);
			runOnlyForDeploymentPostprocessing = 0;
		};
/* End PBXSourcesBuildPhase section */

/* Begin PBXTargetDependency section */
		206E780F1D85145700B01C41 /* PBXTargetDependency */ = {
			isa = PBXTargetDependency;
			target = 206E77F81D85145700B01C41 /* ImageDemo */;
			targetProxy = 206E780E1D85145700B01C41 /* PBXContainerItemProxy */;
		};
		206E781A1D85145700B01C41 /* PBXTargetDependency */ = {
			isa = PBXTargetDependency;
			target = 206E77F81D85145700B01C41 /* ImageDemo */;
			targetProxy = 206E78191D85145700B01C41 /* PBXContainerItemProxy */;
		};
/* End PBXTargetDependency section */

/* Begin PBXVariantGroup section */
		206E78001D85145700B01C41 /* Main.storyboard */ = {
			isa = PBXVariantGroup;
			children = (
				206E78011D85145700B01C41 /* Base */,
			);
			name = Main.storyboard;
			sourceTree = "<group>";
		};
		206E78051D85145700B01C41 /* LaunchScreen.storyboard */ = {
			isa = PBXVariantGroup;
			children = (
				206E78061D85145700B01C41 /* Base */,
			);
			name = LaunchScreen.storyboard;
			sourceTree = "<group>";
		};
/* End PBXVariantGroup section */

/* Begin XCBuildConfiguration section */
		206E781F1D85145700B01C41 /* Debug */ = {
			isa = XCBuildConfiguration;
			buildSettings = {
				ALWAYS_SEARCH_USER_PATHS = NO;
				CLANG_ANALYZER_NONNULL = YES;
				CLANG_CXX_LANGUAGE_STANDARD = "gnu++0x";
				CLANG_CXX_LIBRARY = "libc++";
				CLANG_ENABLE_MODULES = YES;
				CLANG_ENABLE_OBJC_ARC = YES;
				CLANG_WARN_BOOL_CONVERSION = YES;
				CLANG_WARN_CONSTANT_CONVERSION = YES;
				CLANG_WARN_DIRECT_OBJC_ISA_USAGE = YES_ERROR;
				CLANG_WARN_EMPTY_BODY = YES;
				CLANG_WARN_ENUM_CONVERSION = YES;
				CLANG_WARN_INT_CONVERSION = YES;
				CLANG_WARN_OBJC_ROOT_CLASS = YES_ERROR;
				CLANG_WARN_UNREACHABLE_CODE = YES;
				CLANG_WARN__DUPLICATE_METHOD_MATCH = YES;
				"CODE_SIGN_IDENTITY[sdk=iphoneos*]" = "iPhone Developer";
				COPY_PHASE_STRIP = NO;
				DEBUG_INFORMATION_FORMAT = dwarf;
				ENABLE_STRICT_OBJC_MSGSEND = YES;
				ENABLE_TESTABILITY = YES;
				GCC_C_LANGUAGE_STANDARD = gnu99;
				GCC_DYNAMIC_NO_PIC = NO;
				GCC_NO_COMMON_BLOCKS = YES;
				GCC_OPTIMIZATION_LEVEL = 0;
				GCC_PREPROCESSOR_DEFINITIONS = (
					"DEBUG=1",
					"$(inherited)",
				);
				GCC_WARN_64_TO_32_BIT_CONVERSION = YES;
				GCC_WARN_ABOUT_RETURN_TYPE = YES_ERROR;
				GCC_WARN_UNDECLARED_SELECTOR = YES;
				GCC_WARN_UNINITIALIZED_AUTOS = YES_AGGRESSIVE;
				GCC_WARN_UNUSED_FUNCTION = YES;
				GCC_WARN_UNUSED_VARIABLE = YES;
				IPHONEOS_DEPLOYMENT_TARGET = 9.3;
				MTL_ENABLE_DEBUG_INFO = YES;
				ONLY_ACTIVE_ARCH = YES;
				SDKROOT = iphoneos;
				SWIFT_OPTIMIZATION_LEVEL = "-Onone";
			};
			name = Debug;
		};
		206E78201D85145700B01C41 /* Release */ = {
			isa = XCBuildConfiguration;
			buildSettings = {
				ALWAYS_SEARCH_USER_PATHS = NO;
				CLANG_ANALYZER_NONNULL = YES;
				CLANG_CXX_LANGUAGE_STANDARD = "gnu++0x";
				CLANG_CXX_LIBRARY = "libc++";
				CLANG_ENABLE_MODULES = YES;
				CLANG_ENABLE_OBJC_ARC = YES;
				CLANG_WARN_BOOL_CONVERSION = YES;
				CLANG_WARN_CONSTANT_CONVERSION = YES;
				CLANG_WARN_DIRECT_OBJC_ISA_USAGE = YES_ERROR;
				CLANG_WARN_EMPTY_BODY = YES;
				CLANG_WARN_ENUM_CONVERSION = YES;
				CLANG_WARN_INT_CONVERSION = YES;
				CLANG_WARN_OBJC_ROOT_CLASS = YES_ERROR;
				CLANG_WARN_UNREACHABLE_CODE = YES;
				CLANG_WARN__DUPLICATE_METHOD_MATCH = YES;
				"CODE_SIGN_IDENTITY[sdk=iphoneos*]" = "iPhone Developer";
				COPY_PHASE_STRIP = NO;
				DEBUG_INFORMATION_FORMAT = "dwarf-with-dsym";
				ENABLE_NS_ASSERTIONS = NO;
				ENABLE_STRICT_OBJC_MSGSEND = YES;
				GCC_C_LANGUAGE_STANDARD = gnu99;
				GCC_NO_COMMON_BLOCKS = YES;
				GCC_WARN_64_TO_32_BIT_CONVERSION = YES;
				GCC_WARN_ABOUT_RETURN_TYPE = YES_ERROR;
				GCC_WARN_UNDECLARED_SELECTOR = YES;
				GCC_WARN_UNINITIALIZED_AUTOS = YES_AGGRESSIVE;
				GCC_WARN_UNUSED_FUNCTION = YES;
				GCC_WARN_UNUSED_VARIABLE = YES;
				IPHONEOS_DEPLOYMENT_TARGET = 9.3;
				MTL_ENABLE_DEBUG_INFO = NO;
				SDKROOT = iphoneos;
				VALIDATE_PRODUCT = YES;
			};
			name = Release;
		};
		206E78221D85145700B01C41 /* Debug */ = {
			isa = XCBuildConfiguration;
			buildSettings = {
				ASSETCATALOG_COMPILER_APPICON_NAME = AppIcon;
				INFOPLIST_FILE = ImageDemo/Info.plist;
				LD_RUNPATH_SEARCH_PATHS = "$(inherited) @executable_path/Frameworks";
				PRODUCT_BUNDLE_IDENTIFIER = im.zuber.app.qrcode.ImageDemo;
				PRODUCT_NAME = "$(TARGET_NAME)";
			};
			name = Debug;
		};
		206E78231D85145700B01C41 /* Release */ = {
			isa = XCBuildConfiguration;
			buildSettings = {
				ASSETCATALOG_COMPILER_APPICON_NAME = AppIcon;
				INFOPLIST_FILE = ImageDemo/Info.plist;
				LD_RUNPATH_SEARCH_PATHS = "$(inherited) @executable_path/Frameworks";
				PRODUCT_BUNDLE_IDENTIFIER = im.zuber.app.qrcode.ImageDemo;
				PRODUCT_NAME = "$(TARGET_NAME)";
			};
			name = Release;
		};
		206E78251D85145700B01C41 /* Debug */ = {
			isa = XCBuildConfiguration;
			buildSettings = {
				BUNDLE_LOADER = "$(TEST_HOST)";
				INFOPLIST_FILE = ImageDemoTests/Info.plist;
				LD_RUNPATH_SEARCH_PATHS = "$(inherited) @executable_path/Frameworks @loader_path/Frameworks";
				PRODUCT_BUNDLE_IDENTIFIER = im.zuber.app.qrcode.ImageDemoTests;
				PRODUCT_NAME = "$(TARGET_NAME)";
				TEST_HOST = "$(BUILT_PRODUCTS_DIR)/ImageDemo.app/ImageDemo";
			};
			name = Debug;
		};
		206E78261D85145700B01C41 /* Release */ = {
			isa = XCBuildConfiguration;
			buildSettings = {
				BUNDLE_LOADER = "$(TEST_HOST)";
				INFOPLIST_FILE = ImageDemoTests/Info.plist;
				LD_RUNPATH_SEARCH_PATHS = "$(inherited) @executable_path/Frameworks @loader_path/Frameworks";
				PRODUCT_BUNDLE_IDENTIFIER = im.zuber.app.qrcode.ImageDemoTests;
				PRODUCT_NAME = "$(TARGET_NAME)";
				TEST_HOST = "$(BUILT_PRODUCTS_DIR)/ImageDemo.app/ImageDemo";
			};
			name = Release;
		};
		206E78281D85145700B01C41 /* Debug */ = {
			isa = XCBuildConfiguration;
			buildSettings = {
				INFOPLIST_FILE = ImageDemoUITests/Info.plist;
				LD_RUNPATH_SEARCH_PATHS = "$(inherited) @executable_path/Frameworks @loader_path/Frameworks";
				PRODUCT_BUNDLE_IDENTIFIER = im.zuber.app.qrcode.ImageDemoUITests;
				PRODUCT_NAME = "$(TARGET_NAME)";
				TEST_TARGET_NAME = ImageDemo;
			};
			name = Debug;
		};
		206E78291D85145700B01C41 /* Release */ = {
			isa = XCBuildConfiguration;
			buildSettings = {
				INFOPLIST_FILE = ImageDemoUITests/Info.plist;
				LD_RUNPATH_SEARCH_PATHS = "$(inherited) @executable_path/Frameworks @loader_path/Frameworks";
				PRODUCT_BUNDLE_IDENTIFIER = im.zuber.app.qrcode.ImageDemoUITests;
				PRODUCT_NAME = "$(TARGET_NAME)";
				TEST_TARGET_NAME = ImageDemo;
			};
			name = Release;
		};
/* End XCBuildConfiguration section */

/* Begin XCConfigurationList section */
		206E77F41D85145700B01C41 /* Build configuration list for PBXProject "ImageDemo" */ = {
			isa = XCConfigurationList;
			buildConfigurations = (
				206E781F1D85145700B01C41 /* Debug */,
				206E78201D85145700B01C41 /* Release */,
			);
			defaultConfigurationIsVisible = 0;
			defaultConfigurationName = Release;
		};
		206E78211D85145700B01C41 /* Build configuration list for PBXNativeTarget "ImageDemo" */ = {
			isa = XCConfigurationList;
			buildConfigurations = (
				206E78221D85145700B01C41 /* Debug */,
				206E78231D85145700B01C41 /* Release */,
			);
			defaultConfigurationIsVisible = 0;
		};
		206E78241D85145700B01C41 /* Build configuration list for PBXNativeTarget "ImageDemoTests" */ = {
			isa = XCConfigurationList;
			buildConfigurations = (
				206E78251D85145700B01C41 /* Debug */,
				206E78261D85145700B01C41 /* Release */,
			);
			defaultConfigurationIsVisible = 0;
		};
		206E78271D85145700B01C41 /* Build configuration list for PBXNativeTarget "ImageDemoUITests" */ = {
			isa = XCConfigurationList;
			buildConfigurations = (
				206E78281D85145700B01C41 /* Debug */,
				206E78291D85145700B01C41 /* Release */,
			);
			defaultConfigurationIsVisible = 0;
		};
/* End XCConfigurationList section */
	};
	rootObject = 206E77F11D85145700B01C41 /* Project object */;
}
